
Microsoft Visual Studio Solution File, Format Version 12.00
# Visual Studio Version 17
VisualStudioVersion = 17.4.33213.308
MinimumVisualStudioVersion = 10.0.40219.1
Project("{9A19103F-16F7-4668-BE54-9A1E7A4F7556}") = "OrderNotifications", "OrderNotifications\OrderNotifications.csproj", "{78E5BE14-85C8-4BE6-AE5A-3889B25B3702}"
EndProject
Project("{FAE04EC0-301F-11D3-BF4B-00C04F79EFBC}") = "OrderNotificationsTest", "OrderNotificationsTest\OrderNotificationsTest.csproj", "{88E29AFA-568B-40B8-A9F2-D58A6E8D4D99}"
EndProject
Global
	GlobalSection(SolutionConfigurationPlatforms) = preSolution
		Debug|Any CPU = Debug|Any CPU
		Release|Any CPU = Release|Any CPU
	EndGlobalSection
	GlobalSection(ProjectConfigurationPlatforms) = postSolution
		{78E5BE14-85C8-4BE6-AE5A-3889B25B3702}.Debug|Any CPU.ActiveCfg = Debug|Any CPU
		{78E5BE14-85C8-4BE6-AE5A-3889B25B3702}.Debug|Any CPU.Build.0 = Debug|Any CPU
		{78E5BE14-85C8-4BE6-AE5A-3889B25B3702}.Release|Any CPU.ActiveCfg = Release|Any CPU
		{78E5BE14-85C8-4BE6-AE5A-3889B25B3702}.Release|Any CPU.Build.0 = Release|Any CPU
		{88E29AFA-568B-40B8-A9F2-D58A6E8D4D99}.Debug|Any CPU.ActiveCfg = Debug|Any CPU
		{88E29AFA-568B-40B8-A9F2-D58A6E8D4D99}.Debug|Any CPU.Build.0 = Debug|Any CPU
		{88E29AFA-568B-40B8-A9F2-D58A6E8D4D99}.Release|Any CPU.ActiveCfg = Release|Any CPU
		{88E29AFA-568B-40B8-A9F2-D58A6E8D4D99}.Release|Any CPU.Build.0 = Release|Any CPU
	EndGlobalSection
	GlobalSection(SolutionProperties) = preSolution
		HideSolutionNode = FALSE
	EndGlobalSection
	GlobalSection(ExtensibilityGlobals) = postSolution
		SolutionGuid = {757C7C11-A076-4E0D-A885-136038EE0D0A}
	EndGlobalSection
EndGlobal
